// !$*UTF8*$!
{
	archiveVersion = 1;
	classes = {
	};
	objectVersion = 55;
	objects = {

/* Begin PBXBuildFile section */
		7D92858C2244094038EE381D /* Pods_AudioJournal.framework in Frameworks */ = {isa = PBXBuildFile; fileRef = 68CA3CA3B75C869E9EEE935E /* Pods_AudioJournal.framework */; };
		863D609392225D18104284A6 /* Pods_AudioJournal_AudioJournalUITests.framework in Frameworks */ = {isa = PBXBuildFile; fileRef = 1F2480839C2884E50ADB19CB /* Pods_AudioJournal_AudioJournalUITests.framework */; };
		DB930D6128BD0D310014A619 /* AppDelegate.m in Sources */ = {isa = PBXBuildFile; fileRef = DB930D6028BD0D310014A619 /* AppDelegate.m */; };
		DB930D6428BD0D310014A619 /* SceneDelegate.m in Sources */ = {isa = PBXBuildFile; fileRef = DB930D6328BD0D310014A619 /* SceneDelegate.m */; };
		DB930D6728BD0D310014A619 /* AuthViewController.m in Sources */ = {isa = PBXBuildFile; fileRef = DB930D6628BD0D310014A619 /* AuthViewController.m */; };
		DB930D6A28BD0D310014A619 /* Auth.storyboard in Resources */ = {isa = PBXBuildFile; fileRef = DB930D6828BD0D310014A619 /* Auth.storyboard */; };
		DB930D6D28BD0D310014A619 /* AudioJournal.xcdatamodeld in Sources */ = {isa = PBXBuildFile; fileRef = DB930D6B28BD0D310014A619 /* AudioJournal.xcdatamodeld */; };
		DB930D6F28BD0D320014A619 /* Assets.xcassets in Resources */ = {isa = PBXBuildFile; fileRef = DB930D6E28BD0D320014A619 /* Assets.xcassets */; };
		DB930D7228BD0D320014A619 /* LaunchScreen.storyboard in Resources */ = {isa = PBXBuildFile; fileRef = DB930D7028BD0D320014A619 /* LaunchScreen.storyboard */; };
		DB930D7528BD0D320014A619 /* main.m in Sources */ = {isa = PBXBuildFile; fileRef = DB930D7428BD0D320014A619 /* main.m */; };
		DB930D7F28BD0D320014A619 /* AudioJournalTests.m in Sources */ = {isa = PBXBuildFile; fileRef = DB930D7E28BD0D320014A619 /* AudioJournalTests.m */; };
		DB930D8928BD0D320014A619 /* AudioJournalUITests.m in Sources */ = {isa = PBXBuildFile; fileRef = DB930D8828BD0D320014A619 /* AudioJournalUITests.m */; };
		DB930D8B28BD0D320014A619 /* AudioJournalUITestsLaunchTests.m in Sources */ = {isa = PBXBuildFile; fileRef = DB930D8A28BD0D320014A619 /* AudioJournalUITestsLaunchTests.m */; };
		E9E7291699A7F2E44D40B8BF /* Pods_AudioJournalTests.framework in Frameworks */ = {isa = PBXBuildFile; fileRef = 625DDB415BAEAC08323EF963 /* Pods_AudioJournalTests.framework */; };
/* End PBXBuildFile section */

/* Begin PBXContainerItemProxy section */
		DB930D7B28BD0D320014A619 /* PBXContainerItemProxy */ = {
			isa = PBXContainerItemProxy;
			containerPortal = DB930D5428BD0D310014A619 /* Project object */;
			proxyType = 1;
			remoteGlobalIDString = DB930D5B28BD0D310014A619;
			remoteInfo = AudioJournal;
		};
		DB930D8528BD0D320014A619 /* PBXContainerItemProxy */ = {
			isa = PBXContainerItemProxy;
			containerPortal = DB930D5428BD0D310014A619 /* Project object */;
			proxyType = 1;
			remoteGlobalIDString = DB930D5B28BD0D310014A619;
			remoteInfo = AudioJournal;
		};
/* End PBXContainerItemProxy section */

/* Begin PBXFileReference section */
		1F2480839C2884E50ADB19CB /* Pods_AudioJournal_AudioJournalUITests.framework */ = {isa = PBXFileReference; explicitFileType = wrapper.framework; includeInIndex = 0; path = Pods_AudioJournal_AudioJournalUITests.framework; sourceTree = BUILT_PRODUCTS_DIR; };
		4E248ED64ACE0E14D6489589 /* Pods-AudioJournal-AudioJournalUITests.debug.xcconfig */ = {isa = PBXFileReference; includeInIndex = 1; lastKnownFileType = text.xcconfig; name = "Pods-AudioJournal-AudioJournalUITests.debug.xcconfig"; path = "Target Support Files/Pods-AudioJournal-AudioJournalUITests/Pods-AudioJournal-AudioJournalUITests.debug.xcconfig"; sourceTree = "<group>"; };
		625DDB415BAEAC08323EF963 /* Pods_AudioJournalTests.framework */ = {isa = PBXFileReference; explicitFileType = wrapper.framework; includeInIndex = 0; path = Pods_AudioJournalTests.framework; sourceTree = BUILT_PRODUCTS_DIR; };
		68CA3CA3B75C869E9EEE935E /* Pods_AudioJournal.framework */ = {isa = PBXFileReference; explicitFileType = wrapper.framework; includeInIndex = 0; path = Pods_AudioJournal.framework; sourceTree = BUILT_PRODUCTS_DIR; };
		748896284C7B70C071FECECB /* Pods-AudioJournal-AudioJournalUITests.release.xcconfig */ = {isa = PBXFileReference; includeInIndex = 1; lastKnownFileType = text.xcconfig; name = "Pods-AudioJournal-AudioJournalUITests.release.xcconfig"; path = "Target Support Files/Pods-AudioJournal-AudioJournalUITests/Pods-AudioJournal-AudioJournalUITests.release.xcconfig"; sourceTree = "<group>"; };
		A475158CC78F429A574F9E7A /* Pods-AudioJournal.debug.xcconfig */ = {isa = PBXFileReference; includeInIndex = 1; lastKnownFileType = text.xcconfig; name = "Pods-AudioJournal.debug.xcconfig"; path = "Target Support Files/Pods-AudioJournal/Pods-AudioJournal.debug.xcconfig"; sourceTree = "<group>"; };
		BFFA5471C78CC9F19615D720 /* Pods-AudioJournal.release.xcconfig */ = {isa = PBXFileReference; includeInIndex = 1; lastKnownFileType = text.xcconfig; name = "Pods-AudioJournal.release.xcconfig"; path = "Target Support Files/Pods-AudioJournal/Pods-AudioJournal.release.xcconfig"; sourceTree = "<group>"; };
		C84BF8E20F11FB2DDC2F8F93 /* Pods-AudioJournalTests.debug.xcconfig */ = {isa = PBXFileReference; includeInIndex = 1; lastKnownFileType = text.xcconfig; name = "Pods-AudioJournalTests.debug.xcconfig"; path = "Target Support Files/Pods-AudioJournalTests/Pods-AudioJournalTests.debug.xcconfig"; sourceTree = "<group>"; };
		DB930D5C28BD0D310014A619 /* AudioJournal.app */ = {isa = PBXFileReference; explicitFileType = wrapper.application; includeInIndex = 0; path = AudioJournal.app; sourceTree = BUILT_PRODUCTS_DIR; };
		DB930D5F28BD0D310014A619 /* AppDelegate.h */ = {isa = PBXFileReference; lastKnownFileType = sourcecode.c.h; path = AppDelegate.h; sourceTree = "<group>"; };
		DB930D6028BD0D310014A619 /* AppDelegate.m */ = {isa = PBXFileReference; lastKnownFileType = sourcecode.c.objc; path = AppDelegate.m; sourceTree = "<group>"; };
		DB930D6228BD0D310014A619 /* SceneDelegate.h */ = {isa = PBXFileReference; lastKnownFileType = sourcecode.c.h; path = SceneDelegate.h; sourceTree = "<group>"; };
		DB930D6328BD0D310014A619 /* SceneDelegate.m */ = {isa = PBXFileReference; lastKnownFileType = sourcecode.c.objc; path = SceneDelegate.m; sourceTree = "<group>"; };
		DB930D6528BD0D310014A619 /* AuthViewController.h */ = {isa = PBXFileReference; lastKnownFileType = sourcecode.c.h; path = AuthViewController.h; sourceTree = "<group>"; };
		DB930D6628BD0D310014A619 /* AuthViewController.m */ = {isa = PBXFileReference; lastKnownFileType = sourcecode.c.objc; path = AuthViewController.m; sourceTree = "<group>"; };
		DB930D6928BD0D310014A619 /* Base */ = {isa = PBXFileReference; lastKnownFileType = file.storyboard; name = Base; path = Base.lproj/Auth.storyboard; sourceTree = "<group>"; };
		DB930D6C28BD0D310014A619 /* AudioJournal.xcdatamodel */ = {isa = PBXFileReference; lastKnownFileType = wrapper.xcdatamodel; path = AudioJournal.xcdatamodel; sourceTree = "<group>"; };
		DB930D6E28BD0D320014A619 /* Assets.xcassets */ = {isa = PBXFileReference; lastKnownFileType = folder.assetcatalog; path = Assets.xcassets; sourceTree = "<group>"; };
		DB930D7128BD0D320014A619 /* Base */ = {isa = PBXFileReference; lastKnownFileType = file.storyboard; name = Base; path = Base.lproj/LaunchScreen.storyboard; sourceTree = "<group>"; };
		DB930D7328BD0D320014A619 /* Info.plist */ = {isa = PBXFileReference; lastKnownFileType = text.plist.xml; path = Info.plist; sourceTree = "<group>"; };
		DB930D7428BD0D320014A619 /* main.m */ = {isa = PBXFileReference; lastKnownFileType = sourcecode.c.objc; path = main.m; sourceTree = "<group>"; };
		DB930D7A28BD0D320014A619 /* AudioJournalTests.xctest */ = {isa = PBXFileReference; explicitFileType = wrapper.cfbundle; includeInIndex = 0; path = AudioJournalTests.xctest; sourceTree = BUILT_PRODUCTS_DIR; };
		DB930D7E28BD0D320014A619 /* AudioJournalTests.m */ = {isa = PBXFileReference; lastKnownFileType = sourcecode.c.objc; path = AudioJournalTests.m; sourceTree = "<group>"; };
		DB930D8428BD0D320014A619 /* AudioJournalUITests.xctest */ = {isa = PBXFileReference; explicitFileType = wrapper.cfbundle; includeInIndex = 0; path = AudioJournalUITests.xctest; sourceTree = BUILT_PRODUCTS_DIR; };
		DB930D8828BD0D320014A619 /* AudioJournalUITests.m */ = {isa = PBXFileReference; lastKnownFileType = sourcecode.c.objc; path = AudioJournalUITests.m; sourceTree = "<group>"; };
		DB930D8A28BD0D320014A619 /* AudioJournalUITestsLaunchTests.m */ = {isa = PBXFileReference; lastKnownFileType = sourcecode.c.objc; path = AudioJournalUITestsLaunchTests.m; sourceTree = "<group>"; };
		FF1B9354AC5619CE558F22E0 /* Pods-AudioJournalTests.release.xcconfig */ = {isa = PBXFileReference; includeInIndex = 1; lastKnownFileType = text.xcconfig; name = "Pods-AudioJournalTests.release.xcconfig"; path = "Target Support Files/Pods-AudioJournalTests/Pods-AudioJournalTests.release.xcconfig"; sourceTree = "<group>"; };
/* End PBXFileReference section */

/* Begin PBXFrameworksBuildPhase section */
		DB930D5928BD0D310014A619 /* Frameworks */ = {
			isa = PBXFrameworksBuildPhase;
			buildActionMask = 2147483647;
			files = (
				7D92858C2244094038EE381D /* Pods_AudioJournal.framework in Frameworks */,
			);
			runOnlyForDeploymentPostprocessing = 0;
		};
		DB930D7728BD0D320014A619 /* Frameworks */ = {
			isa = PBXFrameworksBuildPhase;
			buildActionMask = 2147483647;
			files = (
				E9E7291699A7F2E44D40B8BF /* Pods_AudioJournalTests.framework in Frameworks */,
			);
			runOnlyForDeploymentPostprocessing = 0;
		};
		DB930D8128BD0D320014A619 /* Frameworks */ = {
			isa = PBXFrameworksBuildPhase;
			buildActionMask = 2147483647;
			files = (
				863D609392225D18104284A6 /* Pods_AudioJournal_AudioJournalUITests.framework in Frameworks */,
			);
			runOnlyForDeploymentPostprocessing = 0;
		};
/* End PBXFrameworksBuildPhase section */

/* Begin PBXGroup section */
		24F60DBDC8999A4239771F08 /* Pods */ = {
			isa = PBXGroup;
			children = (
				A475158CC78F429A574F9E7A /* Pods-AudioJournal.debug.xcconfig */,
				BFFA5471C78CC9F19615D720 /* Pods-AudioJournal.release.xcconfig */,
				4E248ED64ACE0E14D6489589 /* Pods-AudioJournal-AudioJournalUITests.debug.xcconfig */,
				748896284C7B70C071FECECB /* Pods-AudioJournal-AudioJournalUITests.release.xcconfig */,
				C84BF8E20F11FB2DDC2F8F93 /* Pods-AudioJournalTests.debug.xcconfig */,
				FF1B9354AC5619CE558F22E0 /* Pods-AudioJournalTests.release.xcconfig */,
			);
			path = Pods;
			sourceTree = "<group>";
		};
		416269662E639ECE3D0A10D7 /* Frameworks */ = {
			isa = PBXGroup;
			children = (
				68CA3CA3B75C869E9EEE935E /* Pods_AudioJournal.framework */,
				1F2480839C2884E50ADB19CB /* Pods_AudioJournal_AudioJournalUITests.framework */,
				625DDB415BAEAC08323EF963 /* Pods_AudioJournalTests.framework */,
			);
			name = Frameworks;
			sourceTree = "<group>";
		};
		DB18D28C28BE54D70053C5B4 /* Delegates */ = {
			isa = PBXGroup;
			children = (
				DB930D5F28BD0D310014A619 /* AppDelegate.h */,
				DB930D6028BD0D310014A619 /* AppDelegate.m */,
				DB930D6228BD0D310014A619 /* SceneDelegate.h */,
				DB930D6328BD0D310014A619 /* SceneDelegate.m */,
			);
			path = Delegates;
			sourceTree = "<group>";
		};
		DB86791728BD20AB00CC77C3 /* Common */ = {
			isa = PBXGroup;
			children = (
				DB86791F28BD21C000CC77C3 /* Super */,
			);
			path = Common;
			sourceTree = "<group>";
		};
		DB86791828BD20B500CC77C3 /* Presenters */ = {
			isa = PBXGroup;
			children = (
				DB86791E28BD217E00CC77C3 /* Auth */,
			);
			path = Presenters;
			sourceTree = "<group>";
		};
		DB86791928BD20BF00CC77C3 /* Router */ = {
			isa = PBXGroup;
			children = (
			);
			path = Router;
			sourceTree = "<group>";
		};
		DB86791A28BD20CB00CC77C3 /* Views */ = {
			isa = PBXGroup;
			children = (
			);
			path = Views;
			sourceTree = "<group>";
		};
		DB86791B28BD20E500CC77C3 /* Entities */ = {
			isa = PBXGroup;
			children = (
				DB930D6B28BD0D310014A619 /* AudioJournal.xcdatamodeld */,
			);
			path = Entities;
			sourceTree = "<group>";
		};
		DB86791C28BD20F400CC77C3 /* Storyboards */ = {
			isa = PBXGroup;
			children = (
				DB930D7028BD0D320014A619 /* LaunchScreen.storyboard */,
				DB930D6828BD0D310014A619 /* Auth.storyboard */,
			);
			path = Storyboards;
			sourceTree = "<group>";
		};
		DB86791D28BD210400CC77C3 /* Resources */ = {
			isa = PBXGroup;
			children = (
			);
			path = Resources;
			sourceTree = "<group>";
		};
		DB86791E28BD217E00CC77C3 /* Auth */ = {
			isa = PBXGroup;
			children = (
				DB930D6528BD0D310014A619 /* AuthViewController.h */,
				DB930D6628BD0D310014A619 /* AuthViewController.m */,
			);
			path = Auth;
			sourceTree = "<group>";
		};
		DB86791F28BD21C000CC77C3 /* Super */ = {
			isa = PBXGroup;
			children = (
			);
			path = Super;
			sourceTree = "<group>";
		};
		DB930D5328BD0D310014A619 = {
			isa = PBXGroup;
			children = (
				DB930D5E28BD0D310014A619 /* AudioJournal */,
				DB930D7D28BD0D320014A619 /* AudioJournalTests */,
				DB930D8728BD0D320014A619 /* AudioJournalUITests */,
				DB930D5D28BD0D310014A619 /* Products */,
				24F60DBDC8999A4239771F08 /* Pods */,
				416269662E639ECE3D0A10D7 /* Frameworks */,
			);
			sourceTree = "<group>";
		};
		DB930D5D28BD0D310014A619 /* Products */ = {
			isa = PBXGroup;
			children = (
				DB930D5C28BD0D310014A619 /* AudioJournal.app */,
				DB930D7A28BD0D320014A619 /* AudioJournalTests.xctest */,
				DB930D8428BD0D320014A619 /* AudioJournalUITests.xctest */,
			);
			name = Products;
			sourceTree = "<group>";
		};
		DB930D5E28BD0D310014A619 /* AudioJournal */ = {
			isa = PBXGroup;
			children = (
				DB18D28C28BE54D70053C5B4 /* Delegates */,
				DB86791728BD20AB00CC77C3 /* Common */,
				DB86791B28BD20E500CC77C3 /* Entities */,
				DB86791828BD20B500CC77C3 /* Presenters */,
				DB86791D28BD210400CC77C3 /* Resources */,
				DB86791928BD20BF00CC77C3 /* Router */,
				DB86791C28BD20F400CC77C3 /* Storyboards */,
				DB86791A28BD20CB00CC77C3 /* Views */,
				DB930D6E28BD0D320014A619 /* Assets.xcassets */,
				DB930D7428BD0D320014A619 /* main.m */,
				DB930D7328BD0D320014A619 /* Info.plist */,
			);
			path = AudioJournal;
			sourceTree = "<group>";
		};
		DB930D7D28BD0D320014A619 /* AudioJournalTests */ = {
			isa = PBXGroup;
			children = (
				DB930D7E28BD0D320014A619 /* AudioJournalTests.m */,
			);
			path = AudioJournalTests;
			sourceTree = "<group>";
		};
		DB930D8728BD0D320014A619 /* AudioJournalUITests */ = {
			isa = PBXGroup;
			children = (
				DB930D8828BD0D320014A619 /* AudioJournalUITests.m */,
				DB930D8A28BD0D320014A619 /* AudioJournalUITestsLaunchTests.m */,
			);
			path = AudioJournalUITests;
			sourceTree = "<group>";
		};
/* End PBXGroup section */

/* Begin PBXNativeTarget section */
		DB930D5B28BD0D310014A619 /* AudioJournal */ = {
			isa = PBXNativeTarget;
			buildConfigurationList = DB930D8E28BD0D320014A619 /* Build configuration list for PBXNativeTarget "AudioJournal" */;
			buildPhases = (
				35C4B88F9194757A6711534B /* [CP] Check Pods Manifest.lock */,
				DB930D5828BD0D310014A619 /* Sources */,
				DB930D5928BD0D310014A619 /* Frameworks */,
				DB930D5A28BD0D310014A619 /* Resources */,
				D7C02AB3F6577475821E2AE1 /* [CP] Embed Pods Frameworks */,
			);
			buildRules = (
			);
			dependencies = (
			);
			name = AudioJournal;
			productName = AudioJournal;
			productReference = DB930D5C28BD0D310014A619 /* AudioJournal.app */;
			productType = "com.apple.product-type.application";
		};
		DB930D7928BD0D320014A619 /* AudioJournalTests */ = {
			isa = PBXNativeTarget;
			buildConfigurationList = DB930D9128BD0D320014A619 /* Build configuration list for PBXNativeTarget "AudioJournalTests" */;
			buildPhases = (
				5C852A4971BAC69DB66F2F98 /* [CP] Check Pods Manifest.lock */,
				DB930D7628BD0D320014A619 /* Sources */,
				DB930D7728BD0D320014A619 /* Frameworks */,
				DB930D7828BD0D320014A619 /* Resources */,
			);
			buildRules = (
			);
			dependencies = (
				DB930D7C28BD0D320014A619 /* PBXTargetDependency */,
			);
			name = AudioJournalTests;
			productName = AudioJournalTests;
			productReference = DB930D7A28BD0D320014A619 /* AudioJournalTests.xctest */;
			productType = "com.apple.product-type.bundle.unit-test";
		};
		DB930D8328BD0D320014A619 /* AudioJournalUITests */ = {
			isa = PBXNativeTarget;
			buildConfigurationList = DB930D9428BD0D320014A619 /* Build configuration list for PBXNativeTarget "AudioJournalUITests" */;
			buildPhases = (
				7E60D9C1FF535B7B6E7D76B1 /* [CP] Check Pods Manifest.lock */,
				DB930D8028BD0D320014A619 /* Sources */,
				DB930D8128BD0D320014A619 /* Frameworks */,
				DB930D8228BD0D320014A619 /* Resources */,
				C7B67E5D554234450D28FCD5 /* [CP] Embed Pods Frameworks */,
			);
			buildRules = (
			);
			dependencies = (
				DB930D8628BD0D320014A619 /* PBXTargetDependency */,
			);
			name = AudioJournalUITests;
			productName = AudioJournalUITests;
			productReference = DB930D8428BD0D320014A619 /* AudioJournalUITests.xctest */;
			productType = "com.apple.product-type.bundle.ui-testing";
		};
/* End PBXNativeTarget section */

/* Begin PBXProject section */
		DB930D5428BD0D310014A619 /* Project object */ = {
			isa = PBXProject;
			attributes = {
				BuildIndependentTargetsInParallel = 1;
				LastUpgradeCheck = 1340;
				TargetAttributes = {
					DB930D5B28BD0D310014A619 = {
						CreatedOnToolsVersion = 13.4.1;
					};
					DB930D7928BD0D320014A619 = {
						CreatedOnToolsVersion = 13.4.1;
						TestTargetID = DB930D5B28BD0D310014A619;
					};
					DB930D8328BD0D320014A619 = {
						CreatedOnToolsVersion = 13.4.1;
						TestTargetID = DB930D5B28BD0D310014A619;
					};
				};
			};
			buildConfigurationList = DB930D5728BD0D310014A619 /* Build configuration list for PBXProject "AudioJournal" */;
			compatibilityVersion = "Xcode 13.0";
			developmentRegion = en;
			hasScannedForEncodings = 0;
			knownRegions = (
				en,
				Base,
			);
			mainGroup = DB930D5328BD0D310014A619;
			productRefGroup = DB930D5D28BD0D310014A619 /* Products */;
			projectDirPath = "";
			projectRoot = "";
			targets = (
				DB930D5B28BD0D310014A619 /* AudioJournal */,
				DB930D7928BD0D320014A619 /* AudioJournalTests */,
				DB930D8328BD0D320014A619 /* AudioJournalUITests */,
			);
		};
/* End PBXProject section */

/* Begin PBXResourcesBuildPhase section */
		DB930D5A28BD0D310014A619 /* Resources */ = {
			isa = PBXResourcesBuildPhase;
			buildActionMask = 2147483647;
			files = (
				DB930D7228BD0D320014A619 /* LaunchScreen.storyboard in Resources */,
				DB930D6F28BD0D320014A619 /* Assets.xcassets in Resources */,
				DB930D6A28BD0D310014A619 /* Auth.storyboard in Resources */,
			);
			runOnlyForDeploymentPostprocessing = 0;
		};
		DB930D7828BD0D320014A619 /* Resources */ = {
			isa = PBXResourcesBuildPhase;
			buildActionMask = 2147483647;
			files = (
			);
			runOnlyForDeploymentPostprocessing = 0;
		};
		DB930D8228BD0D320014A619 /* Resources */ = {
			isa = PBXResourcesBuildPhase;
			buildActionMask = 2147483647;
			files = (
			);
			runOnlyForDeploymentPostprocessing = 0;
		};
/* End PBXResourcesBuildPhase section */

/* Begin PBXShellScriptBuildPhase section */
		35C4B88F9194757A6711534B /* [CP] Check Pods Manifest.lock */ = {
			isa = PBXShellScriptBuildPhase;
			buildActionMask = 2147483647;
			files = (
			);
			inputFileListPaths = (
			);
			inputPaths = (
				"${PODS_PODFILE_DIR_PATH}/Podfile.lock",
				"${PODS_ROOT}/Manifest.lock",
			);
			name = "[CP] Check Pods Manifest.lock";
			outputFileListPaths = (
			);
			outputPaths = (
				"$(DERIVED_FILE_DIR)/Pods-AudioJournal-checkManifestLockResult.txt",
			);
			runOnlyForDeploymentPostprocessing = 0;
			shellPath = /bin/sh;
			shellScript = "diff \"${PODS_PODFILE_DIR_PATH}/Podfile.lock\" \"${PODS_ROOT}/Manifest.lock\" > /dev/null\nif [ $? != 0 ] ; then\n    # print error to STDERR\n    echo \"error: The sandbox is not in sync with the Podfile.lock. Run 'pod install' or update your CocoaPods installation.\" >&2\n    exit 1\nfi\n# This output is used by Xcode 'outputs' to avoid re-running this script phase.\necho \"SUCCESS\" > \"${SCRIPT_OUTPUT_FILE_0}\"\n";
			showEnvVarsInLog = 0;
		};
		5C852A4971BAC69DB66F2F98 /* [CP] Check Pods Manifest.lock */ = {
			isa = PBXShellScriptBuildPhase;
			buildActionMask = 2147483647;
			files = (
			);
			inputFileListPaths = (
			);
			inputPaths = (
				"${PODS_PODFILE_DIR_PATH}/Podfile.lock",
				"${PODS_ROOT}/Manifest.lock",
			);
			name = "[CP] Check Pods Manifest.lock";
			outputFileListPaths = (
			);
			outputPaths = (
				"$(DERIVED_FILE_DIR)/Pods-AudioJournalTests-checkManifestLockResult.txt",
			);
			runOnlyForDeploymentPostprocessing = 0;
			shellPath = /bin/sh;
			shellScript = "diff \"${PODS_PODFILE_DIR_PATH}/Podfile.lock\" \"${PODS_ROOT}/Manifest.lock\" > /dev/null\nif [ $? != 0 ] ; then\n    # print error to STDERR\n    echo \"error: The sandbox is not in sync with the Podfile.lock. Run 'pod install' or update your CocoaPods installation.\" >&2\n    exit 1\nfi\n# This output is used by Xcode 'outputs' to avoid re-running this script phase.\necho \"SUCCESS\" > \"${SCRIPT_OUTPUT_FILE_0}\"\n";
			showEnvVarsInLog = 0;
		};
		7E60D9C1FF535B7B6E7D76B1 /* [CP] Check Pods Manifest.lock */ = {
			isa = PBXShellScriptBuildPhase;
			buildActionMask = 2147483647;
			files = (
			);
			inputFileListPaths = (
			);
			inputPaths = (
				"${PODS_PODFILE_DIR_PATH}/Podfile.lock",
				"${PODS_ROOT}/Manifest.lock",
			);
			name = "[CP] Check Pods Manifest.lock";
			outputFileListPaths = (
			);
			outputPaths = (
				"$(DERIVED_FILE_DIR)/Pods-AudioJournal-AudioJournalUITests-checkManifestLockResult.txt",
			);
			runOnlyForDeploymentPostprocessing = 0;
			shellPath = /bin/sh;
			shellScript = "diff \"${PODS_PODFILE_DIR_PATH}/Podfile.lock\" \"${PODS_ROOT}/Manifest.lock\" > /dev/null\nif [ $? != 0 ] ; then\n    # print error to STDERR\n    echo \"error: The sandbox is not in sync with the Podfile.lock. Run 'pod install' or update your CocoaPods installation.\" >&2\n    exit 1\nfi\n# This output is used by Xcode 'outputs' to avoid re-running this script phase.\necho \"SUCCESS\" > \"${SCRIPT_OUTPUT_FILE_0}\"\n";
			showEnvVarsInLog = 0;
		};
		C7B67E5D554234450D28FCD5 /* [CP] Embed Pods Frameworks */ = {
			isa = PBXShellScriptBuildPhase;
			buildActionMask = 2147483647;
			files = (
			);
			inputFileListPaths = (
				"${PODS_ROOT}/Target Support Files/Pods-AudioJournal-AudioJournalUITests/Pods-AudioJournal-AudioJournalUITests-frameworks-${CONFIGURATION}-input-files.xcfilelist",
			);
			name = "[CP] Embed Pods Frameworks";
			outputFileListPaths = (
				"${PODS_ROOT}/Target Support Files/Pods-AudioJournal-AudioJournalUITests/Pods-AudioJournal-AudioJournalUITests-frameworks-${CONFIGURATION}-output-files.xcfilelist",
			);
			runOnlyForDeploymentPostprocessing = 0;
			shellPath = /bin/sh;
			shellScript = "\"${PODS_ROOT}/Target Support Files/Pods-AudioJournal-AudioJournalUITests/Pods-AudioJournal-AudioJournalUITests-frameworks.sh\"\n";
			showEnvVarsInLog = 0;
		};
		D7C02AB3F6577475821E2AE1 /* [CP] Embed Pods Frameworks */ = {
			isa = PBXShellScriptBuildPhase;
			buildActionMask = 2147483647;
			files = (
			);
			inputFileListPaths = (
				"${PODS_ROOT}/Target Support Files/Pods-AudioJournal/Pods-AudioJournal-frameworks-${CONFIGURATION}-input-files.xcfilelist",
			);
			name = "[CP] Embed Pods Frameworks";
			outputFileListPaths = (
				"${PODS_ROOT}/Target Support Files/Pods-AudioJournal/Pods-AudioJournal-frameworks-${CONFIGURATION}-output-files.xcfilelist",
			);
			runOnlyForDeploymentPostprocessing = 0;
			shellPath = /bin/sh;
			shellScript = "\"${PODS_ROOT}/Target Support Files/Pods-AudioJournal/Pods-AudioJournal-frameworks.sh\"\n";
			showEnvVarsInLog = 0;
		};
/* End PBXShellScriptBuildPhase section */

/* Begin PBXSourcesBuildPhase section */
		DB930D5828BD0D310014A619 /* Sources */ = {
			isa = PBXSourcesBuildPhase;
			buildActionMask = 2147483647;
			files = (
				DB930D7528BD0D320014A619 /* main.m in Sources */,
				DB930D6728BD0D310014A619 /* AuthViewController.m in Sources */,
				DB930D6128BD0D310014A619 /* AppDelegate.m in Sources */,
				DB930D6D28BD0D310014A619 /* AudioJournal.xcdatamodeld in Sources */,
				DB930D6428BD0D310014A619 /* SceneDelegate.m in Sources */,
			);
			runOnlyForDeploymentPostprocessing = 0;
		};
		DB930D7628BD0D320014A619 /* Sources */ = {
			isa = PBXSourcesBuildPhase;
			buildActionMask = 2147483647;
			files = (
				DB930D7F28BD0D320014A619 /* AudioJournalTests.m in Sources */,
			);
			runOnlyForDeploymentPostprocessing = 0;
		};
		DB930D8028BD0D320014A619 /* Sources */ = {
			isa = PBXSourcesBuildPhase;
			buildActionMask = 2147483647;
			files = (
				DB930D8B28BD0D320014A619 /* AudioJournalUITestsLaunchTests.m in Sources */,
				DB930D8928BD0D320014A619 /* AudioJournalUITests.m in Sources */,
			);
			runOnlyForDeploymentPostprocessing = 0;
		};
/* End PBXSourcesBuildPhase section */

/* Begin PBXTargetDependency section */
		DB930D7C28BD0D320014A619 /* PBXTargetDependency */ = {
			isa = PBXTargetDependency;
			target = DB930D5B28BD0D310014A619 /* AudioJournal */;
			targetProxy = DB930D7B28BD0D320014A619 /* PBXContainerItemProxy */;
		};
		DB930D8628BD0D320014A619 /* PBXTargetDependency */ = {
			isa = PBXTargetDependency;
			target = DB930D5B28BD0D310014A619 /* AudioJournal */;
			targetProxy = DB930D8528BD0D320014A619 /* PBXContainerItemProxy */;
		};
/* End PBXTargetDependency section */

/* Begin PBXVariantGroup section */
		DB930D6828BD0D310014A619 /* Auth.storyboard */ = {
			isa = PBXVariantGroup;
			children = (
				DB930D6928BD0D310014A619 /* Base */,
			);
			name = Auth.storyboard;
			sourceTree = "<group>";
		};
		DB930D7028BD0D320014A619 /* LaunchScreen.storyboard */ = {
			isa = PBXVariantGroup;
			children = (
				DB930D7128BD0D320014A619 /* Base */,
			);
			name = LaunchScreen.storyboard;
			sourceTree = "<group>";
		};
/* End PBXVariantGroup section */

/* Begin XCBuildConfiguration section */
		DB930D8C28BD0D320014A619 /* Debug */ = {
			isa = XCBuildConfiguration;
			buildSettings = {
				ALWAYS_SEARCH_USER_PATHS = NO;
				CLANG_ANALYZER_NONNULL = YES;
				CLANG_ANALYZER_NUMBER_OBJECT_CONVERSION = YES_AGGRESSIVE;
				CLANG_CXX_LANGUAGE_STANDARD = "gnu++17";
				CLANG_ENABLE_MODULES = YES;
				CLANG_ENABLE_OBJC_ARC = YES;
				CLANG_ENABLE_OBJC_WEAK = YES;
				CLANG_WARN_BLOCK_CAPTURE_AUTORELEASING = YES;
				CLANG_WARN_BOOL_CONVERSION = YES;
				CLANG_WARN_COMMA = YES;
				CLANG_WARN_CONSTANT_CONVERSION = YES;
				CLANG_WARN_DEPRECATED_OBJC_IMPLEMENTATIONS = YES;
				CLANG_WARN_DIRECT_OBJC_ISA_USAGE = YES_ERROR;
				CLANG_WARN_DOCUMENTATION_COMMENTS = YES;
				CLANG_WARN_EMPTY_BODY = YES;
				CLANG_WARN_ENUM_CONVERSION = YES;
				CLANG_WARN_INFINITE_RECURSION = YES;
				CLANG_WARN_INT_CONVERSION = YES;
				CLANG_WARN_NON_LITERAL_NULL_CONVERSION = YES;
				CLANG_WARN_OBJC_IMPLICIT_RETAIN_SELF = YES;
				CLANG_WARN_OBJC_LITERAL_CONVERSION = YES;
				CLANG_WARN_OBJC_ROOT_CLASS = YES_ERROR;
				CLANG_WARN_QUOTED_INCLUDE_IN_FRAMEWORK_HEADER = YES;
				CLANG_WARN_RANGE_LOOP_ANALYSIS = YES;
				CLANG_WARN_STRICT_PROTOTYPES = YES;
				CLANG_WARN_SUSPICIOUS_MOVE = YES;
				CLANG_WARN_UNGUARDED_AVAILABILITY = YES_AGGRESSIVE;
				CLANG_WARN_UNREACHABLE_CODE = YES;
				CLANG_WARN__DUPLICATE_METHOD_MATCH = YES;
				COPY_PHASE_STRIP = NO;
				DEBUG_INFORMATION_FORMAT = dwarf;
				ENABLE_STRICT_OBJC_MSGSEND = YES;
				ENABLE_TESTABILITY = YES;
				GCC_C_LANGUAGE_STANDARD = gnu11;
				GCC_DYNAMIC_NO_PIC = NO;
				GCC_NO_COMMON_BLOCKS = YES;
				GCC_OPTIMIZATION_LEVEL = 0;
				GCC_PREPROCESSOR_DEFINITIONS = (
					"DEBUG=1",
					"$(inherited)",
				);
				GCC_WARN_64_TO_32_BIT_CONVERSION = YES;
				GCC_WARN_ABOUT_RETURN_TYPE = YES_ERROR;
				GCC_WARN_UNDECLARED_SELECTOR = YES;
				GCC_WARN_UNINITIALIZED_AUTOS = YES_AGGRESSIVE;
				GCC_WARN_UNUSED_FUNCTION = YES;
				GCC_WARN_UNUSED_VARIABLE = YES;
				IPHONEOS_DEPLOYMENT_TARGET = 15.5;
				MTL_ENABLE_DEBUG_INFO = INCLUDE_SOURCE;
				MTL_FAST_MATH = YES;
				ONLY_ACTIVE_ARCH = YES;
				SDKROOT = iphoneos;
			};
			name = Debug;
		};
		DB930D8D28BD0D320014A619 /* Release */ = {
			isa = XCBuildConfiguration;
			buildSettings = {
				ALWAYS_SEARCH_USER_PATHS = NO;
				CLANG_ANALYZER_NONNULL = YES;
				CLANG_ANALYZER_NUMBER_OBJECT_CONVERSION = YES_AGGRESSIVE;
				CLANG_CXX_LANGUAGE_STANDARD = "gnu++17";
				CLANG_ENABLE_MODULES = YES;
				CLANG_ENABLE_OBJC_ARC = YES;
				CLANG_ENABLE_OBJC_WEAK = YES;
				CLANG_WARN_BLOCK_CAPTURE_AUTORELEASING = YES;
				CLANG_WARN_BOOL_CONVERSION = YES;
				CLANG_WARN_COMMA = YES;
				CLANG_WARN_CONSTANT_CONVERSION = YES;
				CLANG_WARN_DEPRECATED_OBJC_IMPLEMENTATIONS = YES;
				CLANG_WARN_DIRECT_OBJC_ISA_USAGE = YES_ERROR;
				CLANG_WARN_DOCUMENTATION_COMMENTS = YES;
				CLANG_WARN_EMPTY_BODY = YES;
				CLANG_WARN_ENUM_CONVERSION = YES;
				CLANG_WARN_INFINITE_RECURSION = YES;
				CLANG_WARN_INT_CONVERSION = YES;
				CLANG_WARN_NON_LITERAL_NULL_CONVERSION = YES;
				CLANG_WARN_OBJC_IMPLICIT_RETAIN_SELF = YES;
				CLANG_WARN_OBJC_LITERAL_CONVERSION = YES;
				CLANG_WARN_OBJC_ROOT_CLASS = YES_ERROR;
				CLANG_WARN_QUOTED_INCLUDE_IN_FRAMEWORK_HEADER = YES;
				CLANG_WARN_RANGE_LOOP_ANALYSIS = YES;
				CLANG_WARN_STRICT_PROTOTYPES = YES;
				CLANG_WARN_SUSPICIOUS_MOVE = YES;
				CLANG_WARN_UNGUARDED_AVAILABILITY = YES_AGGRESSIVE;
				CLANG_WARN_UNREACHABLE_CODE = YES;
				CLANG_WARN__DUPLICATE_METHOD_MATCH = YES;
				COPY_PHASE_STRIP = NO;
				DEBUG_INFORMATION_FORMAT = "dwarf-with-dsym";
				ENABLE_NS_ASSERTIONS = NO;
				ENABLE_STRICT_OBJC_MSGSEND = YES;
				GCC_C_LANGUAGE_STANDARD = gnu11;
				GCC_NO_COMMON_BLOCKS = YES;
				GCC_WARN_64_TO_32_BIT_CONVERSION = YES;
				GCC_WARN_ABOUT_RETURN_TYPE = YES_ERROR;
				GCC_WARN_UNDECLARED_SELECTOR = YES;
				GCC_WARN_UNINITIALIZED_AUTOS = YES_AGGRESSIVE;
				GCC_WARN_UNUSED_FUNCTION = YES;
				GCC_WARN_UNUSED_VARIABLE = YES;
				IPHONEOS_DEPLOYMENT_TARGET = 15.5;
				MTL_ENABLE_DEBUG_INFO = NO;
				MTL_FAST_MATH = YES;
				SDKROOT = iphoneos;
				VALIDATE_PRODUCT = YES;
			};
			name = Release;
		};
		DB930D8F28BD0D320014A619 /* Debug */ = {
			isa = XCBuildConfiguration;
			baseConfigurationReference = A475158CC78F429A574F9E7A /* Pods-AudioJournal.debug.xcconfig */;
			buildSettings = {
				ASSETCATALOG_COMPILER_APPICON_NAME = AppIcon;
				ASSETCATALOG_COMPILER_GLOBAL_ACCENT_COLOR_NAME = AccentColor;
				CODE_SIGN_STYLE = Automatic;
				CURRENT_PROJECT_VERSION = 1;
				DEVELOPMENT_TEAM = PMDCTLPM83;
				GENERATE_INFOPLIST_FILE = YES;
				INFOPLIST_FILE = AudioJournal/Info.plist;
				INFOPLIST_KEY_CFBundleDisplayName = Shario;
				INFOPLIST_KEY_UIApplicationSupportsIndirectInputEvents = YES;
				INFOPLIST_KEY_UILaunchStoryboardName = LaunchScreen;
				INFOPLIST_KEY_UIMainStoryboardFile = Auth;
				INFOPLIST_KEY_UISupportedInterfaceOrientations_iPad = "UIInterfaceOrientationPortrait UIInterfaceOrientationPortraitUpsideDown UIInterfaceOrientationLandscapeLeft UIInterfaceOrientationLandscapeRight";
				INFOPLIST_KEY_UISupportedInterfaceOrientations_iPhone = "UIInterfaceOrientationPortrait UIInterfaceOrientationLandscapeLeft UIInterfaceOrientationLandscapeRight";
				LD_RUNPATH_SEARCH_PATHS = (
					"$(inherited)",
					"@executable_path/Frameworks",
				);
				MARKETING_VERSION = 1.0;
				PRODUCT_BUNDLE_IDENTIFIER = com.appx.shario;
				PRODUCT_NAME = "$(TARGET_NAME)";
				SWIFT_EMIT_LOC_STRINGS = YES;
				TARGETED_DEVICE_FAMILY = "1,2";
			};
			name = Debug;
		};
		DB930D9028BD0D320014A619 /* Release */ = {
			isa = XCBuildConfiguration;
			baseConfigurationReference = BFFA5471C78CC9F19615D720 /* Pods-AudioJournal.release.xcconfig */;
			buildSettings = {
				ASSETCATALOG_COMPILER_APPICON_NAME = AppIcon;
				ASSETCATALOG_COMPILER_GLOBAL_ACCENT_COLOR_NAME = AccentColor;
				CODE_SIGN_STYLE = Automatic;
				CURRENT_PROJECT_VERSION = 1;
				DEVELOPMENT_TEAM = PMDCTLPM83;
				GENERATE_INFOPLIST_FILE = YES;
				INFOPLIST_FILE = AudioJournal/Info.plist;
				INFOPLIST_KEY_CFBundleDisplayName = Shario;
				INFOPLIST_KEY_UIApplicationSupportsIndirectInputEvents = YES;
				INFOPLIST_KEY_UILaunchStoryboardName = LaunchScreen;
				INFOPLIST_KEY_UIMainStoryboardFile = Auth;
				INFOPLIST_KEY_UISupportedInterfaceOrientations_iPad = "UIInterfaceOrientationPortrait UIInterfaceOrientationPortraitUpsideDown UIInterfaceOrientationLandscapeLeft UIInterfaceOrientationLandscapeRight";
				INFOPLIST_KEY_UISupportedInterfaceOrientations_iPhone = "UIInterfaceOrientationPortrait UIInterfaceOrientationLandscapeLeft UIInterfaceOrientationLandscapeRight";
				LD_RUNPATH_SEARCH_PATHS = (
					"$(inherited)",
					"@executable_path/Frameworks",
				);
				MARKETING_VERSION = 1.0;
				PRODUCT_BUNDLE_IDENTIFIER = com.appx.shario;
				PRODUCT_NAME = "$(TARGET_NAME)";
				SWIFT_EMIT_LOC_STRINGS = YES;
				TARGETED_DEVICE_FAMILY = "1,2";
			};
			name = Release;
		};
		DB930D9228BD0D320014A619 /* Debug */ = {
			isa = XCBuildConfiguration;
			baseConfigurationReference = C84BF8E20F11FB2DDC2F8F93 /* Pods-AudioJournalTests.debug.xcconfig */;
			buildSettings = {
				BUNDLE_LOADER = "$(TEST_HOST)";
				CODE_SIGN_STYLE = Automatic;
				CURRENT_PROJECT_VERSION = 1;
				DEVELOPMENT_TEAM = PMDCTLPM83;
				GENERATE_INFOPLIST_FILE = YES;
				IPHONEOS_DEPLOYMENT_TARGET = 15.5;
				MARKETING_VERSION = 1.0;
				PRODUCT_BUNDLE_IDENTIFIER = com.appx.AudioJournalTests;
				PRODUCT_NAME = "$(TARGET_NAME)";
				SWIFT_EMIT_LOC_STRINGS = NO;
				TARGETED_DEVICE_FAMILY = "1,2";
				TEST_HOST = "$(BUILT_PRODUCTS_DIR)/AudioJournal.app/AudioJournal";
			};
			name = Debug;
		};
		DB930D9328BD0D320014A619 /* Release */ = {
			isa = XCBuildConfiguration;
			baseConfigurationReference = FF1B9354AC5619CE558F22E0 /* Pods-AudioJournalTests.release.xcconfig */;
			buildSettings = {
				BUNDLE_LOADER = "$(TEST_HOST)";
				CODE_SIGN_STYLE = Automatic;
				CURRENT_PROJECT_VERSION = 1;
				DEVELOPMENT_TEAM = PMDCTLPM83;
				GENERATE_INFOPLIST_FILE = YES;
				IPHONEOS_DEPLOYMENT_TARGET = 15.5;
				MARKETING_VERSION = 1.0;
				PRODUCT_BUNDLE_IDENTIFIER = com.appx.AudioJournalTests;
				PRODUCT_NAME = "$(TARGET_NAME)";
				SWIFT_EMIT_LOC_STRINGS = NO;
				TARGETED_DEVICE_FAMILY = "1,2";
				TEST_HOST = "$(BUILT_PRODUCTS_DIR)/AudioJournal.app/AudioJournal";
			};
			name = Release;
		};
		DB930D9528BD0D320014A619 /* Debug */ = {
			isa = XCBuildConfiguration;
			baseConfigurationReference = 4E248ED64ACE0E14D6489589 /* Pods-AudioJournal-AudioJournalUITests.debug.xcconfig */;
			buildSettings = {
				CODE_SIGN_STYLE = Automatic;
				CURRENT_PROJECT_VERSION = 1;
				DEVELOPMENT_TEAM = PMDCTLPM83;
				GENERATE_INFOPLIST_FILE = YES;
				MARKETING_VERSION = 1.0;
				PRODUCT_BUNDLE_IDENTIFIER = com.appx.AudioJournalUITests;
				PRODUCT_NAME = "$(TARGET_NAME)";
				SWIFT_EMIT_LOC_STRINGS = NO;
				TARGETED_DEVICE_FAMILY = "1,2";
				TEST_TARGET_NAME = AudioJournal;
			};
			name = Debug;
		};
		DB930D9628BD0D320014A619 /* Release */ = {
			isa = XCBuildConfiguration;
			baseConfigurationReference = 748896284C7B70C071FECECB /* Pods-AudioJournal-AudioJournalUITests.release.xcconfig */;
			buildSettings = {
				CODE_SIGN_STYLE = Automatic;
				CURRENT_PROJECT_VERSION = 1;
				DEVELOPMENT_TEAM = PMDCTLPM83;
				GENERATE_INFOPLIST_FILE = YES;
				MARKETING_VERSION = 1.0;
				PRODUCT_BUNDLE_IDENTIFIER = com.appx.AudioJournalUITests;
				PRODUCT_NAME = "$(TARGET_NAME)";
				SWIFT_EMIT_LOC_STRINGS = NO;
				TARGETED_DEVICE_FAMILY = "1,2";
				TEST_TARGET_NAME = AudioJournal;
			};
			name = Release;
		};
/* End XCBuildConfiguration section */

/* Begin XCConfigurationList section */
		DB930D5728BD0D310014A619 /* Build configuration list for PBXProject "AudioJournal" */ = {
			isa = XCConfigurationList;
			buildConfigurations = (
				DB930D8C28BD0D320014A619 /* Debug */,
				DB930D8D28BD0D320014A619 /* Release */,
			);
			defaultConfigurationIsVisible = 0;
			defaultConfigurationName = Release;
		};
		DB930D8E28BD0D320014A619 /* Build configuration list for PBXNativeTarget "AudioJournal" */ = {
			isa = XCConfigurationList;
			buildConfigurations = (
				DB930D8F28BD0D320014A619 /* Debug */,
				DB930D9028BD0D320014A619 /* Release */,
			);
			defaultConfigurationIsVisible = 0;
			defaultConfigurationName = Release;
		};
		DB930D9128BD0D320014A619 /* Build configuration list for PBXNativeTarget "AudioJournalTests" */ = {
			isa = XCConfigurationList;
			buildConfigurations = (
				DB930D9228BD0D320014A619 /* Debug */,
				DB930D9328BD0D320014A619 /* Release */,
			);
			defaultConfigurationIsVisible = 0;
			defaultConfigurationName = Release;
		};
		DB930D9428BD0D320014A619 /* Build configuration list for PBXNativeTarget "AudioJournalUITests" */ = {
			isa = XCConfigurationList;
			buildConfigurations = (
				DB930D9528BD0D320014A619 /* Debug */,
				DB930D9628BD0D320014A619 /* Release */,
			);
			defaultConfigurationIsVisible = 0;
			defaultConfigurationName = Release;
		};
/* End XCConfigurationList section */

/* Begin XCVersionGroup section */
		DB930D6B28BD0D310014A619 /* AudioJournal.xcdatamodeld */ = {
			isa = XCVersionGroup;
			children = (
				DB930D6C28BD0D310014A619 /* AudioJournal.xcdatamodel */,
			);
			currentVersion = DB930D6C28BD0D310014A619 /* AudioJournal.xcdatamodel */;
			path = AudioJournal.xcdatamodeld;
			sourceTree = "<group>";
			versionGroupType = wrapper.xcdatamodel;
		};
/* End XCVersionGroup section */
	};
	rootObject = DB930D5428BD0D310014A619 /* Project object */;
}
